
Microsoft Visual Studio Solution File, Format Version 12.00
# Visual Studio Version 17
VisualStudioVersion = 17.6.33513.286
MinimumVisualStudioVersion = 10.0.40219.1
Project("{9A19103F-16F7-4668-BE54-9A1E7A4F7556}") = "SkipList", "SkipList\SkipList.csproj", "{0DF55245-A860-43DE-8FC4-09657FE14388}"
EndProject
Project("{FAE04EC0-301F-11D3-BF4B-00C04F79EFBC}") = "SkipList.Tests", "SkipList.Tests\SkipList.Tests.csproj", "{2AABA0DD-D743-4393-959E-1C545FB48F38}"
EndProject
Global
	GlobalSection(SolutionConfigurationPlatforms) = preSolution
		Debug|Any CPU = Debug|Any CPU
		Release|Any CPU = Release|Any CPU
	EndGlobalSection
	GlobalSection(ProjectConfigurationPlatforms) = postSolution
		{0DF55245-A860-43DE-8FC4-09657FE14388}.Debug|Any CPU.ActiveCfg = Debug|Any CPU
		{0DF55245-A860-43DE-8FC4-09657FE14388}.Debug|Any CPU.Build.0 = Debug|Any CPU
		{0DF55245-A860-43DE-8FC4-09657FE14388}.Release|Any CPU.ActiveCfg = Release|Any CPU
		{0DF55245-A860-43DE-8FC4-09657FE14388}.Release|Any CPU.Build.0 = Release|Any CPU
		{2AABA0DD-D743-4393-959E-1C545FB48F38}.Debug|Any CPU.ActiveCfg = Debug|Any CPU
		{2AABA0DD-D743-4393-959E-1C545FB48F38}.Debug|Any CPU.Build.0 = Debug|Any CPU
		{2AABA0DD-D743-4393-959E-1C545FB48F38}.Release|Any CPU.ActiveCfg = Release|Any CPU
		{2AABA0DD-D743-4393-959E-1C545FB48F38}.Release|Any CPU.Build.0 = Release|Any CPU
	EndGlobalSection
	GlobalSection(SolutionProperties) = preSolution
		HideSolutionNode = FALSE
	EndGlobalSection
	GlobalSection(ExtensibilityGlobals) = postSolution
		SolutionGuid = {E56AF660-5908-47D4-BD6B-AA646BBAFB13}
	EndGlobalSection
EndGlobal
