
Microsoft Visual Studio Solution File, Format Version 12.00
# Visual Studio Version 17
VisualStudioVersion = 17.7.33711.374
MinimumVisualStudioVersion = 10.0.40219.1
Project("{FAE04EC0-301F-11D3-BF4B-00C04F79EFBC}") = "Exam", "Exam\Exam.csproj", "{56B6C211-71D2-4D7F-A9F7-5C126A031FCA}"
EndProject
Project("{FAE04EC0-301F-11D3-BF4B-00C04F79EFBC}") = "TransferExamTests", "TransferExamTests\TransferExamTests.csproj", "{58632EEC-D5B6-4BF1-8A3F-8B2712E40CA3}"
EndProject
Global
	GlobalSection(SolutionConfigurationPlatforms) = preSolution
		Debug|Any CPU = Debug|Any CPU
		Release|Any CPU = Release|Any CPU
	EndGlobalSection
	GlobalSection(ProjectConfigurationPlatforms) = postSolution
		{56B6C211-71D2-4D7F-A9F7-5C126A031FCA}.Debug|Any CPU.ActiveCfg = Debug|Any CPU
		{56B6C211-71D2-4D7F-A9F7-5C126A031FCA}.Debug|Any CPU.Build.0 = Debug|Any CPU
		{56B6C211-71D2-4D7F-A9F7-5C126A031FCA}.Release|Any CPU.ActiveCfg = Release|Any CPU
		{56B6C211-71D2-4D7F-A9F7-5C126A031FCA}.Release|Any CPU.Build.0 = Release|Any CPU
		{58632EEC-D5B6-4BF1-8A3F-8B2712E40CA3}.Debug|Any CPU.ActiveCfg = Debug|Any CPU
		{58632EEC-D5B6-4BF1-8A3F-8B2712E40CA3}.Debug|Any CPU.Build.0 = Debug|Any CPU
		{58632EEC-D5B6-4BF1-8A3F-8B2712E40CA3}.Release|Any CPU.ActiveCfg = Release|Any CPU
		{58632EEC-D5B6-4BF1-8A3F-8B2712E40CA3}.Release|Any CPU.Build.0 = Release|Any CPU
	EndGlobalSection
	GlobalSection(SolutionProperties) = preSolution
		HideSolutionNode = FALSE
	EndGlobalSection
	GlobalSection(ExtensibilityGlobals) = postSolution
		SolutionGuid = {D1FF5C24-74EE-4B68-9F86-9FBAD095871B}
	EndGlobalSection
EndGlobal
